
Microsoft Visual Studio Solution File, Format Version 12.00
# Visual Studio Version 17
VisualStudioVersion = 17.0.31903.59
MinimumVisualStudioVersion = 10.0.40219.1
Project("{FAE04EC0-301F-11D3-BF4B-00C04F79EFBC}") = "ProtobufNrtAnnotator", "src\ProtobufNrtAnnotator\ProtobufNrtAnnotator.csproj", "{A874F01D-97AD-44D8-8EA1-E249C877DCA2}"
EndProject
Project("{FAE04EC0-301F-11D3-BF4B-00C04F79EFBC}") = "ProtobufNrtAnnotator.Test", "tests\ProtobufNrtAnnotator.Test\ProtobufNrtAnnotator.Test.csproj", "{8377D43A-F6D5-493E-A7E6-CF7238D0B918}"
EndProject
Project("{2150E333-8FDC-42A3-9474-1A3956D46DE8}") = "tests", "tests", "{C9E6CC74-9B06-4EE1-A54D-6F3D514C1039}"
EndProject
Project("{FAE04EC0-301F-11D3-BF4B-00C04F79EFBC}") = "ProtobufNrtAnnotator.IntegrationTests", "tests\ProtobufNrtAnnotator.IntegrationTests\ProtobufNrtAnnotator.IntegrationTests.csproj", "{F9D07D5E-BB6B-45C9-A0BC-82CA96364E74}"
EndProject
Global
	GlobalSection(SolutionConfigurationPlatforms) = preSolution
		Debug|Any CPU = Debug|Any CPU
		Release|Any CPU = Release|Any CPU
	EndGlobalSection
	GlobalSection(SolutionProperties) = preSolution
		HideSolutionNode = FALSE
	EndGlobalSection
	GlobalSection(ProjectConfigurationPlatforms) = postSolution
		{A874F01D-97AD-44D8-8EA1-E249C877DCA2}.Debug|Any CPU.ActiveCfg = Debug|Any CPU
		{A874F01D-97AD-44D8-8EA1-E249C877DCA2}.Debug|Any CPU.Build.0 = Debug|Any CPU
		{A874F01D-97AD-44D8-8EA1-E249C877DCA2}.Release|Any CPU.ActiveCfg = Release|Any CPU
		{A874F01D-97AD-44D8-8EA1-E249C877DCA2}.Release|Any CPU.Build.0 = Release|Any CPU
		{8377D43A-F6D5-493E-A7E6-CF7238D0B918}.Debug|Any CPU.ActiveCfg = Debug|Any CPU
		{8377D43A-F6D5-493E-A7E6-CF7238D0B918}.Debug|Any CPU.Build.0 = Debug|Any CPU
		{8377D43A-F6D5-493E-A7E6-CF7238D0B918}.Release|Any CPU.ActiveCfg = Release|Any CPU
		{8377D43A-F6D5-493E-A7E6-CF7238D0B918}.Release|Any CPU.Build.0 = Release|Any CPU
		{F9D07D5E-BB6B-45C9-A0BC-82CA96364E74}.Debug|Any CPU.ActiveCfg = Debug|Any CPU
		{F9D07D5E-BB6B-45C9-A0BC-82CA96364E74}.Debug|Any CPU.Build.0 = Debug|Any CPU
		{F9D07D5E-BB6B-45C9-A0BC-82CA96364E74}.Release|Any CPU.ActiveCfg = Release|Any CPU
		{F9D07D5E-BB6B-45C9-A0BC-82CA96364E74}.Release|Any CPU.Build.0 = Release|Any CPU
	EndGlobalSection
	GlobalSection(NestedProjects) = preSolution
		{F9D07D5E-BB6B-45C9-A0BC-82CA96364E74} = {C9E6CC74-9B06-4EE1-A54D-6F3D514C1039}
	EndGlobalSection
EndGlobal
