
Microsoft Visual Studio Solution File, Format Version 12.00
# Visual Studio Version 17
VisualStudioVersion = 17.0.31903.59
MinimumVisualStudioVersion = 10.0.40219.1
Project("{FAE04EC0-301F-11D3-BF4B-00C04F79EFBC}") = "ProtobufNullificator", "ProtobufNullificator\ProtobufNullificator.csproj", "{3D244FA9-236A-49D8-ABFC-BCA81CFD6543}"
EndProject
Project("{FAE04EC0-301F-11D3-BF4B-00C04F79EFBC}") = "TestProgram", "TestProgram\TestProgram.csproj", "{3EDE5CD7-46F0-4413-BB68-BF0A6BE8E6D6}"
EndProject
Global
	GlobalSection(SolutionConfigurationPlatforms) = preSolution
		Debug|Any CPU = Debug|Any CPU
		Release|Any CPU = Release|Any CPU
	EndGlobalSection
	GlobalSection(SolutionProperties) = preSolution
		HideSolutionNode = FALSE
	EndGlobalSection
	GlobalSection(ProjectConfigurationPlatforms) = postSolution
		{3D244FA9-236A-49D8-ABFC-BCA81CFD6543}.Debug|Any CPU.ActiveCfg = Debug|Any CPU
		{3D244FA9-236A-49D8-ABFC-BCA81CFD6543}.Debug|Any CPU.Build.0 = Debug|Any CPU
		{3D244FA9-236A-49D8-ABFC-BCA81CFD6543}.Release|Any CPU.ActiveCfg = Release|Any CPU
		{3D244FA9-236A-49D8-ABFC-BCA81CFD6543}.Release|Any CPU.Build.0 = Release|Any CPU
		{3EDE5CD7-46F0-4413-BB68-BF0A6BE8E6D6}.Debug|Any CPU.ActiveCfg = Debug|Any CPU
		{3EDE5CD7-46F0-4413-BB68-BF0A6BE8E6D6}.Debug|Any CPU.Build.0 = Debug|Any CPU
		{3EDE5CD7-46F0-4413-BB68-BF0A6BE8E6D6}.Release|Any CPU.ActiveCfg = Release|Any CPU
		{3EDE5CD7-46F0-4413-BB68-BF0A6BE8E6D6}.Release|Any CPU.Build.0 = Release|Any CPU
	EndGlobalSection
EndGlobal
